{
  "nodes": {
    "flake-compat": {
      "flake": false,
      "locked": {
        "lastModified": 1696426674,
        "narHash": "sha256-kvjfFW7WAETZlt09AgDn1MrtKzP7t90Vf7vypd3OL1U=",
        "owner": "edolstra",
        "repo": "flake-compat",
        "rev": "0f9255e01c2351cc7d116c072cb317785dd33b33",
        "type": "github"
      },
      "original": {
        "owner": "edolstra",
        "repo": "flake-compat",
        "type": "github"
      }
    },
    "flake-utils": {
      "inputs": {
        "systems": "systems"
      },
      "locked": {
        "lastModified": 1726560853,
        "narHash": "sha256-X6rJYSESBVr3hBoH0WbKE5KvhPU5bloyZ2L4K60/fPQ=",
        "owner": "numtide",
        "repo": "flake-utils",
        "rev": "c1dfcf08411b08f6b8615f7d8971a2bfa81d5e8a",
        "type": "github"
      },
      "original": {
        "owner": "numtide",
        "repo": "flake-utils",
        "type": "github"
      }
    },
    "gitignore": {
      "inputs": {
        "nixpkgs": [
          "pre-commit-hooks",
          "nixpkgs"
        ]
      },
      "locked": {
        "lastModified": 1709087332,
        "narHash": "sha256-HG2cCnktfHsKV0s4XW83gU3F57gaTljL9KNSuG6bnQs=",
        "owner": "hercules-ci",
        "repo": "gitignore.nix",
        "rev": "637db329424fd7e46cf4185293b9cc8c88c95394",
        "type": "github"
      },
      "original": {
        "owner": "hercules-ci",
        "repo": "gitignore.nix",
        "type": "github"
      }
    },
    "hyperbole": {
      "flake": false,
      "locked": {
        "lastModified": 1727805630,
        "narHash": "sha256-T6yox11ny3ns7tS/lmu9Rxo/VRfq/CpPd+Ec+lYKXxA=",
        "owner": "seanhess",
        "repo": "hyperbole",
        "rev": "ff28b402bf10e8011af9670512e43601d9fdd7f8",
        "type": "github"
      },
      "original": {
        "owner": "seanhess",
        "repo": "hyperbole",
        "rev": "ff28b402bf10e8011af9670512e43601d9fdd7f8",
        "type": "github"
      }
    },
    "nixpkgs": {
      "locked": {
        "lastModified": 1716394534,
        "narHash": "sha256-R5cP4FbP/YLhkE2B1omXTZEUTOZG0tjCe4/n/yz+LwQ=",
        "owner": "NixOS",
        "repo": "nixpkgs",
        "rev": "4a817d2083d6cd7068dc55511fbf90f84653b301",
        "type": "github"
      },
      "original": {
        "owner": "NixOS",
        "repo": "nixpkgs",
        "rev": "4a817d2083d6cd7068dc55511fbf90f84653b301",
        "type": "github"
      }
    },
    "pre-commit-hooks": {
      "inputs": {
        "flake-compat": "flake-compat",
        "gitignore": "gitignore",
        "nixpkgs": [
          "nixpkgs"
        ],
        "nixpkgs-stable": [
          "nixpkgs"
        ]
      },
      "locked": {
        "lastModified": 1730814269,
        "narHash": "sha256-fWPHyhYE6xvMI1eGY3pwBTq85wcy1YXqdzTZF+06nOg=",
        "owner": "cachix",
        "repo": "pre-commit-hooks.nix",
        "rev": "d70155fdc00df4628446352fc58adc640cd705c2",
        "type": "github"
      },
      "original": {
        "owner": "cachix",
        "repo": "pre-commit-hooks.nix",
        "type": "github"
      }
    },
    "root": {
      "inputs": {
        "flake-utils": "flake-utils",
        "hyperbole": "hyperbole",
        "nixpkgs": "nixpkgs",
        "pre-commit-hooks": "pre-commit-hooks",
        "web-view": "web-view"
      }
    },
    "systems": {
      "locked": {
        "lastModified": 1681028828,
        "narHash": "sha256-Vy1rq5AaRuLzOxct8nz4T6wlgyUR7zLU309k9mBC768=",
        "owner": "nix-systems",
        "repo": "default",
        "rev": "da67096a3b9bf56a91d16901293e51ba5b49a27e",
        "type": "github"
      },
      "original": {
        "owner": "nix-systems",
        "repo": "default",
        "type": "github"
      }
    },
    "web-view": {
      "flake": false,
      "locked": {
        "lastModified": 1719949554,
        "narHash": "sha256-4liFP3nYvx+8DI8Z3/bF3Z9zzBtuNd6P1b+XJA8Ata0=",
        "owner": "seanhess",
        "repo": "web-view",
        "rev": "ea203cdc1f9647ca9f3cf0399c577787d78e564b",
        "type": "github"
      },
      "original": {
        "owner": "seanhess",
        "repo": "web-view",
        "type": "github"
      }
    }
  },
  "root": "root",
  "version": 7
}
