{
  "nodes": {
    "effectful": {
      "flake": false,
      "locked": {
        "lastModified": 1694604132,
        "narHash": "sha256-XiIdQ5Q+g8yBVNJeX6MlRg4q4OdBV7SWOMVAAg9eSSQ=",
        "owner": "haskell-effectful",
        "repo": "effectful",
        "rev": "6e61d382240037df3234c6d68bccfe461bd4d8d0",
        "type": "github"
      },
      "original": {
        "owner": "haskell-effectful",
        "repo": "effectful",
        "rev": "6e61d382240037df3234c6d68bccfe461bd4d8d0",
        "type": "github"
      }
    },
    "flake-compat": {
      "flake": false,
      "locked": {
        "lastModified": 1696426674,
        "narHash": "sha256-kvjfFW7WAETZlt09AgDn1MrtKzP7t90Vf7vypd3OL1U=",
        "owner": "edolstra",
        "repo": "flake-compat",
        "rev": "0f9255e01c2351cc7d116c072cb317785dd33b33",
        "type": "github"
      },
      "original": {
        "owner": "edolstra",
        "repo": "flake-compat",
        "type": "github"
      }
    },
    "flake-utils": {
      "inputs": {
        "systems": "systems"
      },
      "locked": {
        "lastModified": 1705309234,
        "narHash": "sha256-uNRRNRKmJyCRC/8y1RqBkqWBLM034y4qN7EprSdmgyA=",
        "owner": "numtide",
        "repo": "flake-utils",
        "rev": "1ef2e671c3b0c19053962c07dbda38332dcebf26",
        "type": "github"
      },
      "original": {
        "owner": "numtide",
        "repo": "flake-utils",
        "type": "github"
      }
    },
    "gitignore": {
      "inputs": {
        "nixpkgs": [
          "pre-commit-hooks",
          "nixpkgs"
        ]
      },
      "locked": {
        "lastModified": 1703887061,
        "narHash": "sha256-gGPa9qWNc6eCXT/+Z5/zMkyYOuRZqeFZBDbopNZQkuY=",
        "owner": "hercules-ci",
        "repo": "gitignore.nix",
        "rev": "43e1aa1308018f37118e34d3a9cb4f5e75dc11d5",
        "type": "github"
      },
      "original": {
        "owner": "hercules-ci",
        "repo": "gitignore.nix",
        "type": "github"
      }
    },
    "hyperbole": {
      "flake": false,
      "locked": {
        "lastModified": 1719949988,
        "narHash": "sha256-zsajd7XPqr/VYjuB8T+R63NMNXayQabVrp5Sg6tumPk=",
        "owner": "seanhess",
        "repo": "hyperbole",
        "rev": "68d6c65e4f7740c1d1ce78ca4758282b1393b6e5",
        "type": "github"
      },
      "original": {
        "owner": "seanhess",
        "repo": "hyperbole",
        "rev": "68d6c65e4f7740c1d1ce78ca4758282b1393b6e5",
        "type": "github"
      }
    },
    "nixpkgs": {
      "locked": {
        "lastModified": 1708027459,
        "narHash": "sha256-8BgrlwtRDsYzUS1o2gUbvC48tsVEXmH0SPlx0Z1U2No=",
        "owner": "NixOS",
        "repo": "nixpkgs",
        "rev": "dfc912ed886c86eb8f17ed95d96204766c0ec38c",
        "type": "github"
      },
      "original": {
        "owner": "NixOS",
        "repo": "nixpkgs",
        "type": "github"
      }
    },
    "pre-commit-hooks": {
      "inputs": {
        "flake-compat": "flake-compat",
        "flake-utils": [
          "flake-utils"
        ],
        "gitignore": "gitignore",
        "nixpkgs": [
          "nixpkgs"
        ],
        "nixpkgs-stable": [
          "nixpkgs"
        ]
      },
      "locked": {
        "lastModified": 1708018599,
        "narHash": "sha256-M+Ng6+SePmA8g06CmUZWi1AjG2tFBX9WCXElBHEKnyM=",
        "owner": "cachix",
        "repo": "pre-commit-hooks.nix",
        "rev": "5df5a70ad7575f6601d91f0efec95dd9bc619431",
        "type": "github"
      },
      "original": {
        "owner": "cachix",
        "repo": "pre-commit-hooks.nix",
        "type": "github"
      }
    },
    "root": {
      "inputs": {
        "effectful": "effectful",
        "flake-utils": "flake-utils",
        "hyperbole": "hyperbole",
        "nixpkgs": "nixpkgs",
        "pre-commit-hooks": "pre-commit-hooks",
        "web-view": "web-view"
      }
    },
    "systems": {
      "locked": {
        "lastModified": 1681028828,
        "narHash": "sha256-Vy1rq5AaRuLzOxct8nz4T6wlgyUR7zLU309k9mBC768=",
        "owner": "nix-systems",
        "repo": "default",
        "rev": "da67096a3b9bf56a91d16901293e51ba5b49a27e",
        "type": "github"
      },
      "original": {
        "owner": "nix-systems",
        "repo": "default",
        "type": "github"
      }
    },
    "web-view": {
      "flake": false,
      "locked": {
        "lastModified": 1719949554,
        "narHash": "sha256-4liFP3nYvx+8DI8Z3/bF3Z9zzBtuNd6P1b+XJA8Ata0=",
        "owner": "seanhess",
        "repo": "web-view",
        "rev": "ea203cdc1f9647ca9f3cf0399c577787d78e564b",
        "type": "github"
      },
      "original": {
        "owner": "seanhess",
        "repo": "web-view",
        "type": "github"
      }
    }
  },
  "root": "root",
  "version": 7
}
