# This file was autogenerated by Stack.
# You should not edit this file by hand.
# For more information, please see the documentation at:
#   https://docs.haskellstack.org/en/stable/lock_files

packages: []
snapshots:
- completed:
    sha256: d20a12e018b406823d575325ba72bf4d12258b3f4f1653da52c5e0316536b8e0
    size: 599895
    url: https://raw.githubusercontent.com/commercialhaskell/stackage-snapshots/master/nightly/2023/3/23.yaml
  original: nightly-2023-03-23
